// !$*UTF8*$!
{
	archiveVersion = 1;
	classes = {
	};
	objectVersion = 51;
	objects = {

/* Begin PBXBuildFile section */
		9205561274CBE99A417B0769 /* Pods_MawiTestJob.framework in Frameworks */ = {isa = PBXBuildFile; fileRef = FE37D10B7577F3DA23B84115 /* Pods_MawiTestJob.framework */; };
		C4F92E1C24389C4300657F5E /* AppDependencyContainer.swift in Sources */ = {isa = PBXBuildFile; fileRef = C4F92E1B24389C4300657F5E /* AppDependencyContainer.swift */; };
		C4F92E232438A21F00657F5E /* RootViewController.swift in Sources */ = {isa = PBXBuildFile; fileRef = C4F92E222438A21F00657F5E /* RootViewController.swift */; };
		C4F92E252438A24700657F5E /* RootViewModel.swift in Sources */ = {isa = PBXBuildFile; fileRef = C4F92E242438A24700657F5E /* RootViewModel.swift */; };
		C4F92E272438A26600657F5E /* RootCoordinator.swift in Sources */ = {isa = PBXBuildFile; fileRef = C4F92E262438A26600657F5E /* RootCoordinator.swift */; };
		C4F92E2B2438A2BF00657F5E /* MeasurementListViewController.swift in Sources */ = {isa = PBXBuildFile; fileRef = C4F92E2A2438A2BF00657F5E /* MeasurementListViewController.swift */; };
		C4F92E2D2438A2D600657F5E /* MeasurementListCoordinator.swift in Sources */ = {isa = PBXBuildFile; fileRef = C4F92E2C2438A2D600657F5E /* MeasurementListCoordinator.swift */; };
		C4F92E2F2438A30100657F5E /* MeasurementListViewModel.swift in Sources */ = {isa = PBXBuildFile; fileRef = C4F92E2E2438A30100657F5E /* MeasurementListViewModel.swift */; };
		C4F92E312438A31F00657F5E /* MeasurementNewCoordinator.swift in Sources */ = {isa = PBXBuildFile; fileRef = C4F92E302438A31F00657F5E /* MeasurementNewCoordinator.swift */; };
		C4F92E332438A33300657F5E /* MeasurementNewViewController.swift in Sources */ = {isa = PBXBuildFile; fileRef = C4F92E322438A33300657F5E /* MeasurementNewViewController.swift */; };
		C4F92E352438A34000657F5E /* MeasurementNewViewModel.swift in Sources */ = {isa = PBXBuildFile; fileRef = C4F92E342438A34000657F5E /* MeasurementNewViewModel.swift */; };
		C4F92E372438A44B00657F5E /* SessionService.swift in Sources */ = {isa = PBXBuildFile; fileRef = C4F92E362438A44B00657F5E /* SessionService.swift */; };
		C4F92E3A2438C06900657F5E /* BaseCoordinator.swift in Sources */ = {isa = PBXBuildFile; fileRef = C4F92E392438C06900657F5E /* BaseCoordinator.swift */; };
		C4F92E3E2438C2C100657F5E /* Measurement.swift in Sources */ = {isa = PBXBuildFile; fileRef = C4F92E3D2438C2C100657F5E /* Measurement.swift */; };
		C4F92E412438C98A00657F5E /* UIViewControllerGettable.swift in Sources */ = {isa = PBXBuildFile; fileRef = C4F92E402438C98A00657F5E /* UIViewControllerGettable.swift */; };
		C4F92E442438C9DA00657F5E /* UIViewController+presentable.swift in Sources */ = {isa = PBXBuildFile; fileRef = C4F92E432438C9DA00657F5E /* UIViewController+presentable.swift */; };
		C4F92E462438D35400657F5E /* RootDIContainer.swift in Sources */ = {isa = PBXBuildFile; fileRef = C4F92E452438D35400657F5E /* RootDIContainer.swift */; };
		C4F92E4A2438EAE400657F5E /* MeasurementListContainer.swift in Sources */ = {isa = PBXBuildFile; fileRef = C4F92E492438EAE400657F5E /* MeasurementListContainer.swift */; };
		C4F92E4C2439CDB500657F5E /* MeasurementList.storyboard in Resources */ = {isa = PBXBuildFile; fileRef = C4F92E4B2439CDB500657F5E /* MeasurementList.storyboard */; };
		C4F92E4E2439CDF900657F5E /* MeasurementNew.storyboard in Resources */ = {isa = PBXBuildFile; fileRef = C4F92E4D2439CDF900657F5E /* MeasurementNew.storyboard */; };
		C4F92E502439CFCE00657F5E /* MeasurementTime.swift in Sources */ = {isa = PBXBuildFile; fileRef = C4F92E4F2439CFCE00657F5E /* MeasurementTime.swift */; };
		C4F92E522439DD9D00657F5E /* UINavigationController+pushFactory.swift in Sources */ = {isa = PBXBuildFile; fileRef = C4F92E512439DD9D00657F5E /* UINavigationController+pushFactory.swift */; };
		C4F92E5A2439E67400657F5E /* MeasurementListItemCell.swift in Sources */ = {isa = PBXBuildFile; fileRef = C4F92E582439E67400657F5E /* MeasurementListItemCell.swift */; };
		C4F92E5B2439E67400657F5E /* MeasurementListItemCell.xib in Resources */ = {isa = PBXBuildFile; fileRef = C4F92E592439E67400657F5E /* MeasurementListItemCell.xib */; };
		C4F92E5D2439E69800657F5E /* MeasurementListItemSectionController.swift in Sources */ = {isa = PBXBuildFile; fileRef = C4F92E5C2439E69800657F5E /* MeasurementListItemSectionController.swift */; };
		C4F92E5F2439E8C900657F5E /* MeasurementDisplayModel.swift in Sources */ = {isa = PBXBuildFile; fileRef = C4F92E5E2439E8C900657F5E /* MeasurementDisplayModel.swift */; };
		C4F92E622439ED0C00657F5E /* R.generated.swift in Sources */ = {isa = PBXBuildFile; fileRef = C4F92E612439ED0C00657F5E /* R.generated.swift */; };
		C4F92E642439EE6600657F5E /* MeasurementListSection.swift in Sources */ = {isa = PBXBuildFile; fileRef = C4F92E632439EE6600657F5E /* MeasurementListSection.swift */; };
		C4F92E692439EFB200657F5E /* MeasurementNewContainer.swift in Sources */ = {isa = PBXBuildFile; fileRef = C4F92E682439EFB200657F5E /* MeasurementNewContainer.swift */; };
		C4F92E6B2439F06E00657F5E /* PlaceholderSectionController.swift in Sources */ = {isa = PBXBuildFile; fileRef = C4F92E6A2439F06E00657F5E /* PlaceholderSectionController.swift */; };
		C4F92E6D2439F0A700657F5E /* LoadingSectionController.swift in Sources */ = {isa = PBXBuildFile; fileRef = C4F92E6C2439F0A700657F5E /* LoadingSectionController.swift */; };
		C4F92E712439F0E800657F5E /* LoadingCell.swift in Sources */ = {isa = PBXBuildFile; fileRef = C4F92E6F2439F0E800657F5E /* LoadingCell.swift */; };
		C4F92E722439F0E800657F5E /* LoadingCell.xib in Resources */ = {isa = PBXBuildFile; fileRef = C4F92E702439F0E800657F5E /* LoadingCell.xib */; };
		C4F92E762439F12900657F5E /* PlaceholderCell.swift in Sources */ = {isa = PBXBuildFile; fileRef = C4F92E742439F12900657F5E /* PlaceholderCell.swift */; };
		C4F92E772439F12900657F5E /* PlaceholderCell.xib in Resources */ = {isa = PBXBuildFile; fileRef = C4F92E752439F12900657F5E /* PlaceholderCell.xib */; };
		C4F92E792439F16000657F5E /* PlaceholderViewModel.swift in Sources */ = {isa = PBXBuildFile; fileRef = C4F92E782439F16000657F5E /* PlaceholderViewModel.swift */; };
		C4F92E7B2439F18700657F5E /* Visibility.swift in Sources */ = {isa = PBXBuildFile; fileRef = C4F92E7A2439F18700657F5E /* Visibility.swift */; };
		C4F92E7D2439F19F00657F5E /* PlaceholderCellButtonModel.swift in Sources */ = {isa = PBXBuildFile; fileRef = C4F92E7C2439F19F00657F5E /* PlaceholderCellButtonModel.swift */; };
		C4F92E7F2439F1C900657F5E /* UIFont+defaultFont.swift in Sources */ = {isa = PBXBuildFile; fileRef = C4F92E7E2439F1C900657F5E /* UIFont+defaultFont.swift */; };
		C4F92E852439F38D00657F5E /* Roboto-Medium.ttf in Resources */ = {isa = PBXBuildFile; fileRef = C4F92E812439F1EA00657F5E /* Roboto-Medium.ttf */; };
		C4F92E862439F38D00657F5E /* Roboto-Regular.ttf in Resources */ = {isa = PBXBuildFile; fileRef = C4F92E822439F1EA00657F5E /* Roboto-Regular.ttf */; };
		C4F92E872439F38D00657F5E /* Roboto-Italic.ttf in Resources */ = {isa = PBXBuildFile; fileRef = C4F92E832439F1EA00657F5E /* Roboto-Italic.ttf */; };
		C4F92E882439F38D00657F5E /* Roboto-Bold.ttf in Resources */ = {isa = PBXBuildFile; fileRef = C4F92E842439F1EA00657F5E /* Roboto-Bold.ttf */; };
		C4F92E8A2439F40300657F5E /* UIView+setBorder.swift in Sources */ = {isa = PBXBuildFile; fileRef = C4F92E892439F40300657F5E /* UIView+setBorder.swift */; };
		C4F92E8C2439FD1D00657F5E /* BaseNavigationController.swift in Sources */ = {isa = PBXBuildFile; fileRef = C4F92E8B2439FD1D00657F5E /* BaseNavigationController.swift */; };
		C4F92E8E243A114A00657F5E /* MeasurementListDataSource.swift in Sources */ = {isa = PBXBuildFile; fileRef = C4F92E8D243A114A00657F5E /* MeasurementListDataSource.swift */; };
		C4FE93ED2438978E00F167B9 /* AppDelegate.swift in Sources */ = {isa = PBXBuildFile; fileRef = C4FE93EC2438978E00F167B9 /* AppDelegate.swift */; };
		C4FE93F62438979400F167B9 /* Assets.xcassets in Resources */ = {isa = PBXBuildFile; fileRef = C4FE93F52438979400F167B9 /* Assets.xcassets */; };
		C4FE93F92438979400F167B9 /* LaunchScreen.storyboard in Resources */ = {isa = PBXBuildFile; fileRef = C4FE93F72438979400F167B9 /* LaunchScreen.storyboard */; };
		C4FE94042438979400F167B9 /* MawiTestJobTests.swift in Sources */ = {isa = PBXBuildFile; fileRef = C4FE94032438979400F167B9 /* MawiTestJobTests.swift */; };
		DCED31D34718E92D7A6620E6 /* Pods_MawiTestJobTests.framework in Frameworks */ = {isa = PBXBuildFile; fileRef = 51D94B8988AF13BDAAA7B0CD /* Pods_MawiTestJobTests.framework */; };
/* End PBXBuildFile section */

/* Begin PBXContainerItemProxy section */
		C4FE94002438979400F167B9 /* PBXContainerItemProxy */ = {
			isa = PBXContainerItemProxy;
			containerPortal = C4FE93E12438978E00F167B9 /* Project object */;
			proxyType = 1;
			remoteGlobalIDString = C4FE93E82438978E00F167B9;
			remoteInfo = MawiTestJob;
		};
/* End PBXContainerItemProxy section */

/* Begin PBXFileReference section */
		1CB26265C2ADC37D5FA06721 /* Pods-MawiTestJobTests.debug.xcconfig */ = {isa = PBXFileReference; includeInIndex = 1; lastKnownFileType = text.xcconfig; name = "Pods-MawiTestJobTests.debug.xcconfig"; path = "Target Support Files/Pods-MawiTestJobTests/Pods-MawiTestJobTests.debug.xcconfig"; sourceTree = "<group>"; };
		432B289AF63AA452E6073F98 /* Pods-MawiTestJobTests.release.xcconfig */ = {isa = PBXFileReference; includeInIndex = 1; lastKnownFileType = text.xcconfig; name = "Pods-MawiTestJobTests.release.xcconfig"; path = "Target Support Files/Pods-MawiTestJobTests/Pods-MawiTestJobTests.release.xcconfig"; sourceTree = "<group>"; };
		51D94B8988AF13BDAAA7B0CD /* Pods_MawiTestJobTests.framework */ = {isa = PBXFileReference; explicitFileType = wrapper.framework; includeInIndex = 0; path = Pods_MawiTestJobTests.framework; sourceTree = BUILT_PRODUCTS_DIR; };
		744722A78EEA096D5B767608 /* Pods-MawiTestJob.release.xcconfig */ = {isa = PBXFileReference; includeInIndex = 1; lastKnownFileType = text.xcconfig; name = "Pods-MawiTestJob.release.xcconfig"; path = "Target Support Files/Pods-MawiTestJob/Pods-MawiTestJob.release.xcconfig"; sourceTree = "<group>"; };
		8A901FA43F7F71C4CDE482B6 /* Pods-MawiTestJob.debug.xcconfig */ = {isa = PBXFileReference; includeInIndex = 1; lastKnownFileType = text.xcconfig; name = "Pods-MawiTestJob.debug.xcconfig"; path = "Target Support Files/Pods-MawiTestJob/Pods-MawiTestJob.debug.xcconfig"; sourceTree = "<group>"; };
		C4F92E1B24389C4300657F5E /* AppDependencyContainer.swift */ = {isa = PBXFileReference; lastKnownFileType = sourcecode.swift; path = AppDependencyContainer.swift; sourceTree = "<group>"; };
		C4F92E222438A21F00657F5E /* RootViewController.swift */ = {isa = PBXFileReference; lastKnownFileType = sourcecode.swift; path = RootViewController.swift; sourceTree = "<group>"; };
		C4F92E242438A24700657F5E /* RootViewModel.swift */ = {isa = PBXFileReference; lastKnownFileType = sourcecode.swift; path = RootViewModel.swift; sourceTree = "<group>"; };
		C4F92E262438A26600657F5E /* RootCoordinator.swift */ = {isa = PBXFileReference; lastKnownFileType = sourcecode.swift; path = RootCoordinator.swift; sourceTree = "<group>"; };
		C4F92E2A2438A2BF00657F5E /* MeasurementListViewController.swift */ = {isa = PBXFileReference; lastKnownFileType = sourcecode.swift; path = MeasurementListViewController.swift; sourceTree = "<group>"; };
		C4F92E2C2438A2D600657F5E /* MeasurementListCoordinator.swift */ = {isa = PBXFileReference; lastKnownFileType = sourcecode.swift; path = MeasurementListCoordinator.swift; sourceTree = "<group>"; };
		C4F92E2E2438A30100657F5E /* MeasurementListViewModel.swift */ = {isa = PBXFileReference; lastKnownFileType = sourcecode.swift; path = MeasurementListViewModel.swift; sourceTree = "<group>"; };
		C4F92E302438A31F00657F5E /* MeasurementNewCoordinator.swift */ = {isa = PBXFileReference; lastKnownFileType = sourcecode.swift; path = MeasurementNewCoordinator.swift; sourceTree = "<group>"; };
		C4F92E322438A33300657F5E /* MeasurementNewViewController.swift */ = {isa = PBXFileReference; lastKnownFileType = sourcecode.swift; path = MeasurementNewViewController.swift; sourceTree = "<group>"; };
		C4F92E342438A34000657F5E /* MeasurementNewViewModel.swift */ = {isa = PBXFileReference; lastKnownFileType = sourcecode.swift; path = MeasurementNewViewModel.swift; sourceTree = "<group>"; };
		C4F92E362438A44B00657F5E /* SessionService.swift */ = {isa = PBXFileReference; lastKnownFileType = sourcecode.swift; path = SessionService.swift; sourceTree = "<group>"; };
		C4F92E392438C06900657F5E /* BaseCoordinator.swift */ = {isa = PBXFileReference; lastKnownFileType = sourcecode.swift; path = BaseCoordinator.swift; sourceTree = "<group>"; };
		C4F92E3D2438C2C100657F5E /* Measurement.swift */ = {isa = PBXFileReference; lastKnownFileType = sourcecode.swift; path = Measurement.swift; sourceTree = "<group>"; };
		C4F92E402438C98A00657F5E /* UIViewControllerGettable.swift */ = {isa = PBXFileReference; lastKnownFileType = sourcecode.swift; path = UIViewControllerGettable.swift; sourceTree = "<group>"; };
		C4F92E432438C9DA00657F5E /* UIViewController+presentable.swift */ = {isa = PBXFileReference; lastKnownFileType = sourcecode.swift; path = "UIViewController+presentable.swift"; sourceTree = "<group>"; };
		C4F92E452438D35400657F5E /* RootDIContainer.swift */ = {isa = PBXFileReference; lastKnownFileType = sourcecode.swift; path = RootDIContainer.swift; sourceTree = "<group>"; };
		C4F92E492438EAE400657F5E /* MeasurementListContainer.swift */ = {isa = PBXFileReference; lastKnownFileType = sourcecode.swift; path = MeasurementListContainer.swift; sourceTree = "<group>"; };
		C4F92E4B2439CDB500657F5E /* MeasurementList.storyboard */ = {isa = PBXFileReference; lastKnownFileType = file.storyboard; path = MeasurementList.storyboard; sourceTree = "<group>"; };
		C4F92E4D2439CDF900657F5E /* MeasurementNew.storyboard */ = {isa = PBXFileReference; lastKnownFileType = file.storyboard; path = MeasurementNew.storyboard; sourceTree = "<group>"; };
		C4F92E4F2439CFCE00657F5E /* MeasurementTime.swift */ = {isa = PBXFileReference; lastKnownFileType = sourcecode.swift; path = MeasurementTime.swift; sourceTree = "<group>"; };
		C4F92E512439DD9D00657F5E /* UINavigationController+pushFactory.swift */ = {isa = PBXFileReference; lastKnownFileType = sourcecode.swift; path = "UINavigationController+pushFactory.swift"; sourceTree = "<group>"; };
		C4F92E582439E67400657F5E /* MeasurementListItemCell.swift */ = {isa = PBXFileReference; lastKnownFileType = sourcecode.swift; path = MeasurementListItemCell.swift; sourceTree = "<group>"; };
		C4F92E592439E67400657F5E /* MeasurementListItemCell.xib */ = {isa = PBXFileReference; lastKnownFileType = file.xib; path = MeasurementListItemCell.xib; sourceTree = "<group>"; };
		C4F92E5C2439E69800657F5E /* MeasurementListItemSectionController.swift */ = {isa = PBXFileReference; lastKnownFileType = sourcecode.swift; path = MeasurementListItemSectionController.swift; sourceTree = "<group>"; };
		C4F92E5E2439E8C900657F5E /* MeasurementDisplayModel.swift */ = {isa = PBXFileReference; lastKnownFileType = sourcecode.swift; path = MeasurementDisplayModel.swift; sourceTree = "<group>"; };
		C4F92E612439ED0C00657F5E /* R.generated.swift */ = {isa = PBXFileReference; fileEncoding = 4; lastKnownFileType = sourcecode.swift; path = R.generated.swift; sourceTree = "<group>"; };
		C4F92E632439EE6600657F5E /* MeasurementListSection.swift */ = {isa = PBXFileReference; lastKnownFileType = sourcecode.swift; path = MeasurementListSection.swift; sourceTree = "<group>"; };
		C4F92E682439EFB200657F5E /* MeasurementNewContainer.swift */ = {isa = PBXFileReference; lastKnownFileType = sourcecode.swift; path = MeasurementNewContainer.swift; sourceTree = "<group>"; };
		C4F92E6A2439F06E00657F5E /* PlaceholderSectionController.swift */ = {isa = PBXFileReference; lastKnownFileType = sourcecode.swift; path = PlaceholderSectionController.swift; sourceTree = "<group>"; };
		C4F92E6C2439F0A700657F5E /* LoadingSectionController.swift */ = {isa = PBXFileReference; lastKnownFileType = sourcecode.swift; path = LoadingSectionController.swift; sourceTree = "<group>"; };
		C4F92E6F2439F0E800657F5E /* LoadingCell.swift */ = {isa = PBXFileReference; lastKnownFileType = sourcecode.swift; path = LoadingCell.swift; sourceTree = "<group>"; };
		C4F92E702439F0E800657F5E /* LoadingCell.xib */ = {isa = PBXFileReference; lastKnownFileType = file.xib; path = LoadingCell.xib; sourceTree = "<group>"; };
		C4F92E742439F12900657F5E /* PlaceholderCell.swift */ = {isa = PBXFileReference; lastKnownFileType = sourcecode.swift; path = PlaceholderCell.swift; sourceTree = "<group>"; };
		C4F92E752439F12900657F5E /* PlaceholderCell.xib */ = {isa = PBXFileReference; lastKnownFileType = file.xib; path = PlaceholderCell.xib; sourceTree = "<group>"; };
		C4F92E782439F16000657F5E /* PlaceholderViewModel.swift */ = {isa = PBXFileReference; lastKnownFileType = sourcecode.swift; path = PlaceholderViewModel.swift; sourceTree = "<group>"; };
		C4F92E7A2439F18700657F5E /* Visibility.swift */ = {isa = PBXFileReference; lastKnownFileType = sourcecode.swift; path = Visibility.swift; sourceTree = "<group>"; };
		C4F92E7C2439F19F00657F5E /* PlaceholderCellButtonModel.swift */ = {isa = PBXFileReference; lastKnownFileType = sourcecode.swift; path = PlaceholderCellButtonModel.swift; sourceTree = "<group>"; };
		C4F92E7E2439F1C900657F5E /* UIFont+defaultFont.swift */ = {isa = PBXFileReference; lastKnownFileType = sourcecode.swift; path = "UIFont+defaultFont.swift"; sourceTree = "<group>"; };
		C4F92E812439F1EA00657F5E /* Roboto-Medium.ttf */ = {isa = PBXFileReference; lastKnownFileType = file; path = "Roboto-Medium.ttf"; sourceTree = "<group>"; };
		C4F92E822439F1EA00657F5E /* Roboto-Regular.ttf */ = {isa = PBXFileReference; lastKnownFileType = file; path = "Roboto-Regular.ttf"; sourceTree = "<group>"; };
		C4F92E832439F1EA00657F5E /* Roboto-Italic.ttf */ = {isa = PBXFileReference; lastKnownFileType = file; path = "Roboto-Italic.ttf"; sourceTree = "<group>"; };
		C4F92E842439F1EA00657F5E /* Roboto-Bold.ttf */ = {isa = PBXFileReference; lastKnownFileType = file; path = "Roboto-Bold.ttf"; sourceTree = "<group>"; };
		C4F92E892439F40300657F5E /* UIView+setBorder.swift */ = {isa = PBXFileReference; lastKnownFileType = sourcecode.swift; path = "UIView+setBorder.swift"; sourceTree = "<group>"; };
		C4F92E8B2439FD1D00657F5E /* BaseNavigationController.swift */ = {isa = PBXFileReference; lastKnownFileType = sourcecode.swift; path = BaseNavigationController.swift; sourceTree = "<group>"; };
		C4F92E8D243A114A00657F5E /* MeasurementListDataSource.swift */ = {isa = PBXFileReference; lastKnownFileType = sourcecode.swift; path = MeasurementListDataSource.swift; sourceTree = "<group>"; };
		C4FE93E92438978E00F167B9 /* MawiTestJob.app */ = {isa = PBXFileReference; explicitFileType = wrapper.application; includeInIndex = 0; path = MawiTestJob.app; sourceTree = BUILT_PRODUCTS_DIR; };
		C4FE93EC2438978E00F167B9 /* AppDelegate.swift */ = {isa = PBXFileReference; lastKnownFileType = sourcecode.swift; path = AppDelegate.swift; sourceTree = "<group>"; };
		C4FE93F52438979400F167B9 /* Assets.xcassets */ = {isa = PBXFileReference; lastKnownFileType = folder.assetcatalog; path = Assets.xcassets; sourceTree = "<group>"; };
		C4FE93F82438979400F167B9 /* Base */ = {isa = PBXFileReference; lastKnownFileType = file.storyboard; name = Base; path = Base.lproj/LaunchScreen.storyboard; sourceTree = "<group>"; };
		C4FE93FA2438979400F167B9 /* Info.plist */ = {isa = PBXFileReference; lastKnownFileType = text.plist.xml; path = Info.plist; sourceTree = "<group>"; };
		C4FE93FF2438979400F167B9 /* MawiTestJobTests.xctest */ = {isa = PBXFileReference; explicitFileType = wrapper.cfbundle; includeInIndex = 0; path = MawiTestJobTests.xctest; sourceTree = BUILT_PRODUCTS_DIR; };
		C4FE94032438979400F167B9 /* MawiTestJobTests.swift */ = {isa = PBXFileReference; lastKnownFileType = sourcecode.swift; path = MawiTestJobTests.swift; sourceTree = "<group>"; };
		C4FE94052438979400F167B9 /* Info.plist */ = {isa = PBXFileReference; lastKnownFileType = text.plist.xml; path = Info.plist; sourceTree = "<group>"; };
		FE37D10B7577F3DA23B84115 /* Pods_MawiTestJob.framework */ = {isa = PBXFileReference; explicitFileType = wrapper.framework; includeInIndex = 0; path = Pods_MawiTestJob.framework; sourceTree = BUILT_PRODUCTS_DIR; };
/* End PBXFileReference section */

/* Begin PBXFrameworksBuildPhase section */
		C4FE93E62438978E00F167B9 /* Frameworks */ = {
			isa = PBXFrameworksBuildPhase;
			buildActionMask = 2147483647;
			files = (
				9205561274CBE99A417B0769 /* Pods_MawiTestJob.framework in Frameworks */,
			);
			runOnlyForDeploymentPostprocessing = 0;
		};
		C4FE93FC2438979400F167B9 /* Frameworks */ = {
			isa = PBXFrameworksBuildPhase;
			buildActionMask = 2147483647;
			files = (
				DCED31D34718E92D7A6620E6 /* Pods_MawiTestJobTests.framework in Frameworks */,
			);
			runOnlyForDeploymentPostprocessing = 0;
		};
/* End PBXFrameworksBuildPhase section */

/* Begin PBXGroup section */
		313BEADA2E7C9E04686889D4 /* Frameworks */ = {
			isa = PBXGroup;
			children = (
				FE37D10B7577F3DA23B84115 /* Pods_MawiTestJob.framework */,
				51D94B8988AF13BDAAA7B0CD /* Pods_MawiTestJobTests.framework */,
			);
			name = Frameworks;
			sourceTree = "<group>";
		};
		AA7AF3C20550DBD11FCB4B01 /* Pods */ = {
			isa = PBXGroup;
			children = (
				8A901FA43F7F71C4CDE482B6 /* Pods-MawiTestJob.debug.xcconfig */,
				744722A78EEA096D5B767608 /* Pods-MawiTestJob.release.xcconfig */,
				1CB26265C2ADC37D5FA06721 /* Pods-MawiTestJobTests.debug.xcconfig */,
				432B289AF63AA452E6073F98 /* Pods-MawiTestJobTests.release.xcconfig */,
			);
			path = Pods;
			sourceTree = "<group>";
		};
		C4F92E1624389B7300657F5E /* Scenes */ = {
			isa = PBXGroup;
			children = (
				C4F92E1F24389FA900657F5E /* Root */,
				C4F92E2024389FB100657F5E /* MeasurementList */,
				C4F92E2124389FD100657F5E /* MeasurementNew */,
			);
			path = Scenes;
			sourceTree = "<group>";
		};
		C4F92E1724389B8100657F5E /* Configuration */ = {
			isa = PBXGroup;
			children = (
				C4FE93FA2438979400F167B9 /* Info.plist */,
			);
			path = Configuration;
			sourceTree = "<group>";
		};
		C4F92E1824389B8C00657F5E /* Resources */ = {
			isa = PBXGroup;
			children = (
				C4F92E802439F1EA00657F5E /* Fonts */,
				C4FE93F52438979400F167B9 /* Assets.xcassets */,
				C4FE93F72438979400F167B9 /* LaunchScreen.storyboard */,
				C4F92E612439ED0C00657F5E /* R.generated.swift */,
			);
			path = Resources;
			sourceTree = "<group>";
		};
		C4F92E1924389B9700657F5E /* Services */ = {
			isa = PBXGroup;
			children = (
				C4F92E362438A44B00657F5E /* SessionService.swift */,
			);
			path = Services;
			sourceTree = "<group>";
		};
		C4F92E1A24389BA700657F5E /* DI */ = {
			isa = PBXGroup;
			children = (
				C4F92E1B24389C4300657F5E /* AppDependencyContainer.swift */,
				C4F92E452438D35400657F5E /* RootDIContainer.swift */,
				C4F92E492438EAE400657F5E /* MeasurementListContainer.swift */,
				C4F92E682439EFB200657F5E /* MeasurementNewContainer.swift */,
			);
			path = DI;
			sourceTree = "<group>";
		};
		C4F92E1F24389FA900657F5E /* Root */ = {
			isa = PBXGroup;
			children = (
				C4F92E262438A26600657F5E /* RootCoordinator.swift */,
				C4F92E222438A21F00657F5E /* RootViewController.swift */,
				C4F92E242438A24700657F5E /* RootViewModel.swift */,
			);
			path = Root;
			sourceTree = "<group>";
		};
		C4F92E2024389FB100657F5E /* MeasurementList */ = {
			isa = PBXGroup;
			children = (
				C4F92E2C2438A2D600657F5E /* MeasurementListCoordinator.swift */,
				C4F92E552439E5C900657F5E /* ViewModel */,
				C4F92E542439E5BF00657F5E /* View */,
				C4F92E572439E62600657F5E /* Model */,
				C4F92E562439E61300657F5E /* Subviews */,
				C4F92E532439E59500657F5E /* SectionControllers */,
			);
			path = MeasurementList;
			sourceTree = "<group>";
		};
		C4F92E2124389FD100657F5E /* MeasurementNew */ = {
			isa = PBXGroup;
			children = (
				C4F92E302438A31F00657F5E /* MeasurementNewCoordinator.swift */,
				C4F92E322438A33300657F5E /* MeasurementNewViewController.swift */,
				C4F92E342438A34000657F5E /* MeasurementNewViewModel.swift */,
				C4F92E4D2439CDF900657F5E /* MeasurementNew.storyboard */,
			);
			path = MeasurementNew;
			sourceTree = "<group>";
		};
		C4F92E382438C05000657F5E /* Base */ = {
			isa = PBXGroup;
			children = (
				C4F92E392438C06900657F5E /* BaseCoordinator.swift */,
				C4F92E8B2439FD1D00657F5E /* BaseNavigationController.swift */,
			);
			path = Base;
			sourceTree = "<group>";
		};
		C4F92E3B2438C2A800657F5E /* Models */ = {
			isa = PBXGroup;
			children = (
				C4F92E3C2438C2B200657F5E /* Measurement */,
				C4F92E7A2439F18700657F5E /* Visibility.swift */,
			);
			path = Models;
			sourceTree = "<group>";
		};
		C4F92E3C2438C2B200657F5E /* Measurement */ = {
			isa = PBXGroup;
			children = (
				C4F92E3D2438C2C100657F5E /* Measurement.swift */,
				C4F92E4F2439CFCE00657F5E /* MeasurementTime.swift */,
			);
			path = Measurement;
			sourceTree = "<group>";
		};
		C4F92E3F2438C97B00657F5E /* Protocols */ = {
			isa = PBXGroup;
			children = (
				C4F92E402438C98A00657F5E /* UIViewControllerGettable.swift */,
			);
			path = Protocols;
			sourceTree = "<group>";
		};
		C4F92E422438C9C200657F5E /* Extensions */ = {
			isa = PBXGroup;
			children = (
				C4F92E432438C9DA00657F5E /* UIViewController+presentable.swift */,
				C4F92E512439DD9D00657F5E /* UINavigationController+pushFactory.swift */,
				C4F92E7E2439F1C900657F5E /* UIFont+defaultFont.swift */,
				C4F92E892439F40300657F5E /* UIView+setBorder.swift */,
			);
			path = Extensions;
			sourceTree = "<group>";
		};
		C4F92E532439E59500657F5E /* SectionControllers */ = {
			isa = PBXGroup;
			children = (
				C4F92E5C2439E69800657F5E /* MeasurementListItemSectionController.swift */,
				C4F92E6A2439F06E00657F5E /* PlaceholderSectionController.swift */,
				C4F92E6C2439F0A700657F5E /* LoadingSectionController.swift */,
			);
			path = SectionControllers;
			sourceTree = "<group>";
		};
		C4F92E542439E5BF00657F5E /* View */ = {
			isa = PBXGroup;
			children = (
				C4F92E2A2438A2BF00657F5E /* MeasurementListViewController.swift */,
				C4F92E4B2439CDB500657F5E /* MeasurementList.storyboard */,
			);
			path = View;
			sourceTree = "<group>";
		};
		C4F92E552439E5C900657F5E /* ViewModel */ = {
			isa = PBXGroup;
			children = (
				C4F92E2E2438A30100657F5E /* MeasurementListViewModel.swift */,
			);
			path = ViewModel;
			sourceTree = "<group>";
		};
		C4F92E562439E61300657F5E /* Subviews */ = {
			isa = PBXGroup;
			children = (
				C4F92E582439E67400657F5E /* MeasurementListItemCell.swift */,
				C4F92E592439E67400657F5E /* MeasurementListItemCell.xib */,
			);
			path = Subviews;
			sourceTree = "<group>";
		};
		C4F92E572439E62600657F5E /* Model */ = {
			isa = PBXGroup;
			children = (
				C4F92E5E2439E8C900657F5E /* MeasurementDisplayModel.swift */,
				C4F92E632439EE6600657F5E /* MeasurementListSection.swift */,
				C4F92E8D243A114A00657F5E /* MeasurementListDataSource.swift */,
			);
			path = Model;
			sourceTree = "<group>";
		};
		C4F92E662439EF6B00657F5E /* Common */ = {
			isa = PBXGroup;
			children = (
				C4F92E382438C05000657F5E /* Base */,
				C4F92E672439EF8000657F5E /* Views */,
			);
			path = Common;
			sourceTree = "<group>";
		};
		C4F92E672439EF8000657F5E /* Views */ = {
			isa = PBXGroup;
			children = (
				C4F92E6E2439F0C500657F5E /* LoadingCell */,
				C4F92E732439F10C00657F5E /* PlaceholderCell */,
			);
			path = Views;
			sourceTree = "<group>";
		};
		C4F92E6E2439F0C500657F5E /* LoadingCell */ = {
			isa = PBXGroup;
			children = (
				C4F92E6F2439F0E800657F5E /* LoadingCell.swift */,
				C4F92E702439F0E800657F5E /* LoadingCell.xib */,
			);
			path = LoadingCell;
			sourceTree = "<group>";
		};
		C4F92E732439F10C00657F5E /* PlaceholderCell */ = {
			isa = PBXGroup;
			children = (
				C4F92E742439F12900657F5E /* PlaceholderCell.swift */,
				C4F92E752439F12900657F5E /* PlaceholderCell.xib */,
				C4F92E782439F16000657F5E /* PlaceholderViewModel.swift */,
				C4F92E7C2439F19F00657F5E /* PlaceholderCellButtonModel.swift */,
			);
			path = PlaceholderCell;
			sourceTree = "<group>";
		};
		C4F92E802439F1EA00657F5E /* Fonts */ = {
			isa = PBXGroup;
			children = (
				C4F92E812439F1EA00657F5E /* Roboto-Medium.ttf */,
				C4F92E822439F1EA00657F5E /* Roboto-Regular.ttf */,
				C4F92E832439F1EA00657F5E /* Roboto-Italic.ttf */,
				C4F92E842439F1EA00657F5E /* Roboto-Bold.ttf */,
			);
			path = Fonts;
			sourceTree = "<group>";
		};
		C4FE93E02438978E00F167B9 = {
			isa = PBXGroup;
			children = (
				C4FE93EB2438978E00F167B9 /* MawiTestJob */,
				C4FE94022438979400F167B9 /* MawiTestJobTests */,
				C4FE93EA2438978E00F167B9 /* Products */,
				AA7AF3C20550DBD11FCB4B01 /* Pods */,
				313BEADA2E7C9E04686889D4 /* Frameworks */,
			);
			sourceTree = "<group>";
		};
		C4FE93EA2438978E00F167B9 /* Products */ = {
			isa = PBXGroup;
			children = (
				C4FE93E92438978E00F167B9 /* MawiTestJob.app */,
				C4FE93FF2438979400F167B9 /* MawiTestJobTests.xctest */,
			);
			name = Products;
			sourceTree = "<group>";
		};
		C4FE93EB2438978E00F167B9 /* MawiTestJob */ = {
			isa = PBXGroup;
			children = (
				C4FE93EC2438978E00F167B9 /* AppDelegate.swift */,
				C4F92E1A24389BA700657F5E /* DI */,
				C4F92E3F2438C97B00657F5E /* Protocols */,
				C4F92E422438C9C200657F5E /* Extensions */,
				C4F92E662439EF6B00657F5E /* Common */,
				C4F92E1924389B9700657F5E /* Services */,
				C4F92E1824389B8C00657F5E /* Resources */,
				C4F92E1724389B8100657F5E /* Configuration */,
				C4F92E3B2438C2A800657F5E /* Models */,
				C4F92E1624389B7300657F5E /* Scenes */,
			);
			path = MawiTestJob;
			sourceTree = "<group>";
		};
		C4FE94022438979400F167B9 /* MawiTestJobTests */ = {
			isa = PBXGroup;
			children = (
				C4FE94032438979400F167B9 /* MawiTestJobTests.swift */,
				C4FE94052438979400F167B9 /* Info.plist */,
			);
			path = MawiTestJobTests;
			sourceTree = "<group>";
		};
/* End PBXGroup section */

/* Begin PBXNativeTarget section */
		C4FE93E82438978E00F167B9 /* MawiTestJob */ = {
			isa = PBXNativeTarget;
			buildConfigurationList = C4FE94082438979500F167B9 /* Build configuration list for PBXNativeTarget "MawiTestJob" */;
			buildPhases = (
				0E81BF30A17761129329BD98 /* [CP] Check Pods Manifest.lock */,
				C4F92E602439EC8900657F5E /* R.swift */,
				C4FE93E52438978E00F167B9 /* Sources */,
				C4FE93E62438978E00F167B9 /* Frameworks */,
				C4FE93E72438978E00F167B9 /* Resources */,
				2CFDDC2C20A9EE3152AD7E4D /* [CP] Embed Pods Frameworks */,
			);
			buildRules = (
			);
			dependencies = (
			);
			name = MawiTestJob;
			productName = MawiTestJob;
			productReference = C4FE93E92438978E00F167B9 /* MawiTestJob.app */;
			productType = "com.apple.product-type.application";
		};
		C4FE93FE2438979400F167B9 /* MawiTestJobTests */ = {
			isa = PBXNativeTarget;
			buildConfigurationList = C4FE940B2438979500F167B9 /* Build configuration list for PBXNativeTarget "MawiTestJobTests" */;
			buildPhases = (
				09FCEA481048CFC075CB0BC6 /* [CP] Check Pods Manifest.lock */,
				C4FE93FB2438979400F167B9 /* Sources */,
				C4FE93FC2438979400F167B9 /* Frameworks */,
				C4FE93FD2438979400F167B9 /* Resources */,
				895732C9E2BE908F9E3A7031 /* [CP] Embed Pods Frameworks */,
			);
			buildRules = (
			);
			dependencies = (
				C4FE94012438979400F167B9 /* PBXTargetDependency */,
			);
			name = MawiTestJobTests;
			productName = MawiTestJobTests;
			productReference = C4FE93FF2438979400F167B9 /* MawiTestJobTests.xctest */;
			productType = "com.apple.product-type.bundle.unit-test";
		};
/* End PBXNativeTarget section */

/* Begin PBXProject section */
		C4FE93E12438978E00F167B9 /* Project object */ = {
			isa = PBXProject;
			attributes = {
				LastSwiftUpdateCheck = 1130;
				LastUpgradeCheck = 1130;
				ORGANIZATIONNAME = "Yaroslav Zhurbilo";
				TargetAttributes = {
					C4FE93E82438978E00F167B9 = {
						CreatedOnToolsVersion = 11.3.1;
					};
					C4FE93FE2438979400F167B9 = {
						CreatedOnToolsVersion = 11.3.1;
						TestTargetID = C4FE93E82438978E00F167B9;
					};
				};
			};
			buildConfigurationList = C4FE93E42438978E00F167B9 /* Build configuration list for PBXProject "MawiTestJob" */;
			compatibilityVersion = "Xcode 9.3";
			developmentRegion = en;
			hasScannedForEncodings = 0;
			knownRegions = (
				en,
				Base,
			);
			mainGroup = C4FE93E02438978E00F167B9;
			productRefGroup = C4FE93EA2438978E00F167B9 /* Products */;
			projectDirPath = "";
			projectRoot = "";
			targets = (
				C4FE93E82438978E00F167B9 /* MawiTestJob */,
				C4FE93FE2438979400F167B9 /* MawiTestJobTests */,
			);
		};
/* End PBXProject section */

/* Begin PBXResourcesBuildPhase section */
		C4FE93E72438978E00F167B9 /* Resources */ = {
			isa = PBXResourcesBuildPhase;
			buildActionMask = 2147483647;
			files = (
				C4F92E852439F38D00657F5E /* Roboto-Medium.ttf in Resources */,
				C4F92E862439F38D00657F5E /* Roboto-Regular.ttf in Resources */,
				C4F92E872439F38D00657F5E /* Roboto-Italic.ttf in Resources */,
				C4F92E882439F38D00657F5E /* Roboto-Bold.ttf in Resources */,
				C4F92E4E2439CDF900657F5E /* MeasurementNew.storyboard in Resources */,
				C4FE93F92438979400F167B9 /* LaunchScreen.storyboard in Resources */,
				C4F92E722439F0E800657F5E /* LoadingCell.xib in Resources */,
				C4F92E772439F12900657F5E /* PlaceholderCell.xib in Resources */,
				C4F92E5B2439E67400657F5E /* MeasurementListItemCell.xib in Resources */,
				C4F92E4C2439CDB500657F5E /* MeasurementList.storyboard in Resources */,
				C4FE93F62438979400F167B9 /* Assets.xcassets in Resources */,
			);
			runOnlyForDeploymentPostprocessing = 0;
		};
		C4FE93FD2438979400F167B9 /* Resources */ = {
			isa = PBXResourcesBuildPhase;
			buildActionMask = 2147483647;
			files = (
			);
			runOnlyForDeploymentPostprocessing = 0;
		};
/* End PBXResourcesBuildPhase section */

/* Begin PBXShellScriptBuildPhase section */
		09FCEA481048CFC075CB0BC6 /* [CP] Check Pods Manifest.lock */ = {
			isa = PBXShellScriptBuildPhase;
			buildActionMask = 2147483647;
			files = (
			);
			inputFileListPaths = (
			);
			inputPaths = (
				"${PODS_PODFILE_DIR_PATH}/Podfile.lock",
				"${PODS_ROOT}/Manifest.lock",
			);
			name = "[CP] Check Pods Manifest.lock";
			outputFileListPaths = (
			);
			outputPaths = (
				"$(DERIVED_FILE_DIR)/Pods-MawiTestJobTests-checkManifestLockResult.txt",
			);
			runOnlyForDeploymentPostprocessing = 0;
			shellPath = /bin/sh;
			shellScript = "diff \"${PODS_PODFILE_DIR_PATH}/Podfile.lock\" \"${PODS_ROOT}/Manifest.lock\" > /dev/null\nif [ $? != 0 ] ; then\n    # print error to STDERR\n    echo \"error: The sandbox is not in sync with the Podfile.lock. Run 'pod install' or update your CocoaPods installation.\" >&2\n    exit 1\nfi\n# This output is used by Xcode 'outputs' to avoid re-running this script phase.\necho \"SUCCESS\" > \"${SCRIPT_OUTPUT_FILE_0}\"\n";
			showEnvVarsInLog = 0;
		};
		0E81BF30A17761129329BD98 /* [CP] Check Pods Manifest.lock */ = {
			isa = PBXShellScriptBuildPhase;
			buildActionMask = 2147483647;
			files = (
			);
			inputFileListPaths = (
			);
			inputPaths = (
				"${PODS_PODFILE_DIR_PATH}/Podfile.lock",
				"${PODS_ROOT}/Manifest.lock",
			);
			name = "[CP] Check Pods Manifest.lock";
			outputFileListPaths = (
			);
			outputPaths = (
				"$(DERIVED_FILE_DIR)/Pods-MawiTestJob-checkManifestLockResult.txt",
			);
			runOnlyForDeploymentPostprocessing = 0;
			shellPath = /bin/sh;
			shellScript = "diff \"${PODS_PODFILE_DIR_PATH}/Podfile.lock\" \"${PODS_ROOT}/Manifest.lock\" > /dev/null\nif [ $? != 0 ] ; then\n    # print error to STDERR\n    echo \"error: The sandbox is not in sync with the Podfile.lock. Run 'pod install' or update your CocoaPods installation.\" >&2\n    exit 1\nfi\n# This output is used by Xcode 'outputs' to avoid re-running this script phase.\necho \"SUCCESS\" > \"${SCRIPT_OUTPUT_FILE_0}\"\n";
			showEnvVarsInLog = 0;
		};
		2CFDDC2C20A9EE3152AD7E4D /* [CP] Embed Pods Frameworks */ = {
			isa = PBXShellScriptBuildPhase;
			buildActionMask = 2147483647;
			files = (
			);
			inputFileListPaths = (
				"${PODS_ROOT}/Target Support Files/Pods-MawiTestJob/Pods-MawiTestJob-frameworks-${CONFIGURATION}-input-files.xcfilelist",
			);
			name = "[CP] Embed Pods Frameworks";
			outputFileListPaths = (
				"${PODS_ROOT}/Target Support Files/Pods-MawiTestJob/Pods-MawiTestJob-frameworks-${CONFIGURATION}-output-files.xcfilelist",
			);
			runOnlyForDeploymentPostprocessing = 0;
			shellPath = /bin/sh;
			shellScript = "\"${PODS_ROOT}/Target Support Files/Pods-MawiTestJob/Pods-MawiTestJob-frameworks.sh\"\n";
			showEnvVarsInLog = 0;
		};
		895732C9E2BE908F9E3A7031 /* [CP] Embed Pods Frameworks */ = {
			isa = PBXShellScriptBuildPhase;
			buildActionMask = 2147483647;
			files = (
			);
			inputFileListPaths = (
				"${PODS_ROOT}/Target Support Files/Pods-MawiTestJobTests/Pods-MawiTestJobTests-frameworks-${CONFIGURATION}-input-files.xcfilelist",
			);
			name = "[CP] Embed Pods Frameworks";
			outputFileListPaths = (
				"${PODS_ROOT}/Target Support Files/Pods-MawiTestJobTests/Pods-MawiTestJobTests-frameworks-${CONFIGURATION}-output-files.xcfilelist",
			);
			runOnlyForDeploymentPostprocessing = 0;
			shellPath = /bin/sh;
			shellScript = "\"${PODS_ROOT}/Target Support Files/Pods-MawiTestJobTests/Pods-MawiTestJobTests-frameworks.sh\"\n";
			showEnvVarsInLog = 0;
		};
		C4F92E602439EC8900657F5E /* R.swift */ = {
			isa = PBXShellScriptBuildPhase;
			buildActionMask = 2147483647;
			files = (
			);
			inputFileListPaths = (
			);
			inputPaths = (
				"$TEMP_DIR/rswift-lastrun",
			);
			name = R.swift;
			outputFileListPaths = (
			);
			outputPaths = (
				$SRCROOT/MawiTestJob/Resources/R.generated.swift,
			);
			runOnlyForDeploymentPostprocessing = 0;
			shellPath = /bin/sh;
			shellScript = "\"$PODS_ROOT/R.swift/rswift\" generate \"$SRCROOT/MawiTestJob/Resources/R.generated.swift\"\n";
		};
/* End PBXShellScriptBuildPhase section */

/* Begin PBXSourcesBuildPhase section */
		C4FE93E52438978E00F167B9 /* Sources */ = {
			isa = PBXSourcesBuildPhase;
			buildActionMask = 2147483647;
			files = (
				C4F92E6D2439F0A700657F5E /* LoadingSectionController.swift in Sources */,
				C4F92E352438A34000657F5E /* MeasurementNewViewModel.swift in Sources */,
				C4F92E412438C98A00657F5E /* UIViewControllerGettable.swift in Sources */,
				C4F92E332438A33300657F5E /* MeasurementNewViewController.swift in Sources */,
				C4F92E3E2438C2C100657F5E /* Measurement.swift in Sources */,
				C4F92E252438A24700657F5E /* RootViewModel.swift in Sources */,
				C4F92E2D2438A2D600657F5E /* MeasurementListCoordinator.swift in Sources */,
				C4F92E2B2438A2BF00657F5E /* MeasurementListViewController.swift in Sources */,
				C4F92E312438A31F00657F5E /* MeasurementNewCoordinator.swift in Sources */,
				C4F92E522439DD9D00657F5E /* UINavigationController+pushFactory.swift in Sources */,
				C4F92E4A2438EAE400657F5E /* MeasurementListContainer.swift in Sources */,
				C4F92E372438A44B00657F5E /* SessionService.swift in Sources */,
				C4F92E622439ED0C00657F5E /* R.generated.swift in Sources */,
				C4F92E5F2439E8C900657F5E /* MeasurementDisplayModel.swift in Sources */,
				C4F92E5D2439E69800657F5E /* MeasurementListItemSectionController.swift in Sources */,
				C4F92E642439EE6600657F5E /* MeasurementListSection.swift in Sources */,
				C4F92E462438D35400657F5E /* RootDIContainer.swift in Sources */,
				C4F92E712439F0E800657F5E /* LoadingCell.swift in Sources */,
				C4F92E502439CFCE00657F5E /* MeasurementTime.swift in Sources */,
				C4F92E8E243A114A00657F5E /* MeasurementListDataSource.swift in Sources */,
				C4F92E7B2439F18700657F5E /* Visibility.swift in Sources */,
				C4F92E1C24389C4300657F5E /* AppDependencyContainer.swift in Sources */,
				C4F92E7F2439F1C900657F5E /* UIFont+defaultFont.swift in Sources */,
				C4F92E2F2438A30100657F5E /* MeasurementListViewModel.swift in Sources */,
				C4F92E692439EFB200657F5E /* MeasurementNewContainer.swift in Sources */,
				C4F92E7D2439F19F00657F5E /* PlaceholderCellButtonModel.swift in Sources */,
				C4F92E232438A21F00657F5E /* RootViewController.swift in Sources */,
				C4F92E792439F16000657F5E /* PlaceholderViewModel.swift in Sources */,
				C4F92E3A2438C06900657F5E /* BaseCoordinator.swift in Sources */,
				C4F92E8A2439F40300657F5E /* UIView+setBorder.swift in Sources */,
				C4F92E442438C9DA00657F5E /* UIViewController+presentable.swift in Sources */,
				C4F92E5A2439E67400657F5E /* MeasurementListItemCell.swift in Sources */,
				C4F92E272438A26600657F5E /* RootCoordinator.swift in Sources */,
				C4F92E8C2439FD1D00657F5E /* BaseNavigationController.swift in Sources */,
				C4F92E6B2439F06E00657F5E /* PlaceholderSectionController.swift in Sources */,
				C4FE93ED2438978E00F167B9 /* AppDelegate.swift in Sources */,
				C4F92E762439F12900657F5E /* PlaceholderCell.swift in Sources */,
			);
			runOnlyForDeploymentPostprocessing = 0;
		};
		C4FE93FB2438979400F167B9 /* Sources */ = {
			isa = PBXSourcesBuildPhase;
			buildActionMask = 2147483647;
			files = (
				C4FE94042438979400F167B9 /* MawiTestJobTests.swift in Sources */,
			);
			runOnlyForDeploymentPostprocessing = 0;
		};
/* End PBXSourcesBuildPhase section */

/* Begin PBXTargetDependency section */
		C4FE94012438979400F167B9 /* PBXTargetDependency */ = {
			isa = PBXTargetDependency;
			target = C4FE93E82438978E00F167B9 /* MawiTestJob */;
			targetProxy = C4FE94002438979400F167B9 /* PBXContainerItemProxy */;
		};
/* End PBXTargetDependency section */

/* Begin PBXVariantGroup section */
		C4FE93F72438979400F167B9 /* LaunchScreen.storyboard */ = {
			isa = PBXVariantGroup;
			children = (
				C4FE93F82438979400F167B9 /* Base */,
			);
			name = LaunchScreen.storyboard;
			sourceTree = "<group>";
		};
/* End PBXVariantGroup section */

/* Begin XCBuildConfiguration section */
		C4FE94062438979500F167B9 /* Debug */ = {
			isa = XCBuildConfiguration;
			buildSettings = {
				ALWAYS_SEARCH_USER_PATHS = NO;
				CLANG_ANALYZER_NONNULL = YES;
				CLANG_ANALYZER_NUMBER_OBJECT_CONVERSION = YES_AGGRESSIVE;
				CLANG_CXX_LANGUAGE_STANDARD = "gnu++14";
				CLANG_CXX_LIBRARY = "libc++";
				CLANG_ENABLE_MODULES = YES;
				CLANG_ENABLE_OBJC_ARC = YES;
				CLANG_ENABLE_OBJC_WEAK = YES;
				CLANG_WARN_BLOCK_CAPTURE_AUTORELEASING = YES;
				CLANG_WARN_BOOL_CONVERSION = YES;
				CLANG_WARN_COMMA = YES;
				CLANG_WARN_CONSTANT_CONVERSION = YES;
				CLANG_WARN_DEPRECATED_OBJC_IMPLEMENTATIONS = YES;
				CLANG_WARN_DIRECT_OBJC_ISA_USAGE = YES_ERROR;
				CLANG_WARN_DOCUMENTATION_COMMENTS = YES;
				CLANG_WARN_EMPTY_BODY = YES;
				CLANG_WARN_ENUM_CONVERSION = YES;
				CLANG_WARN_INFINITE_RECURSION = YES;
				CLANG_WARN_INT_CONVERSION = YES;
				CLANG_WARN_NON_LITERAL_NULL_CONVERSION = YES;
				CLANG_WARN_OBJC_IMPLICIT_RETAIN_SELF = YES;
				CLANG_WARN_OBJC_LITERAL_CONVERSION = YES;
				CLANG_WARN_OBJC_ROOT_CLASS = YES_ERROR;
				CLANG_WARN_RANGE_LOOP_ANALYSIS = YES;
				CLANG_WARN_STRICT_PROTOTYPES = YES;
				CLANG_WARN_SUSPICIOUS_MOVE = YES;
				CLANG_WARN_UNGUARDED_AVAILABILITY = YES_AGGRESSIVE;
				CLANG_WARN_UNREACHABLE_CODE = YES;
				CLANG_WARN__DUPLICATE_METHOD_MATCH = YES;
				COPY_PHASE_STRIP = NO;
				DEBUG_INFORMATION_FORMAT = dwarf;
				ENABLE_STRICT_OBJC_MSGSEND = YES;
				ENABLE_TESTABILITY = YES;
				GCC_C_LANGUAGE_STANDARD = gnu11;
				GCC_DYNAMIC_NO_PIC = NO;
				GCC_NO_COMMON_BLOCKS = YES;
				GCC_OPTIMIZATION_LEVEL = 0;
				GCC_PREPROCESSOR_DEFINITIONS = (
					"DEBUG=1",
					"$(inherited)",
				);
				GCC_WARN_64_TO_32_BIT_CONVERSION = YES;
				GCC_WARN_ABOUT_RETURN_TYPE = YES_ERROR;
				GCC_WARN_UNDECLARED_SELECTOR = YES;
				GCC_WARN_UNINITIALIZED_AUTOS = YES_AGGRESSIVE;
				GCC_WARN_UNUSED_FUNCTION = YES;
				GCC_WARN_UNUSED_VARIABLE = YES;
				IPHONEOS_DEPLOYMENT_TARGET = 13.2;
				MTL_ENABLE_DEBUG_INFO = INCLUDE_SOURCE;
				MTL_FAST_MATH = YES;
				ONLY_ACTIVE_ARCH = YES;
				SDKROOT = iphoneos;
				SWIFT_ACTIVE_COMPILATION_CONDITIONS = DEBUG;
				SWIFT_OPTIMIZATION_LEVEL = "-Onone";
			};
			name = Debug;
		};
		C4FE94072438979500F167B9 /* Release */ = {
			isa = XCBuildConfiguration;
			buildSettings = {
				ALWAYS_SEARCH_USER_PATHS = NO;
				CLANG_ANALYZER_NONNULL = YES;
				CLANG_ANALYZER_NUMBER_OBJECT_CONVERSION = YES_AGGRESSIVE;
				CLANG_CXX_LANGUAGE_STANDARD = "gnu++14";
				CLANG_CXX_LIBRARY = "libc++";
				CLANG_ENABLE_MODULES = YES;
				CLANG_ENABLE_OBJC_ARC = YES;
				CLANG_ENABLE_OBJC_WEAK = YES;
				CLANG_WARN_BLOCK_CAPTURE_AUTORELEASING = YES;
				CLANG_WARN_BOOL_CONVERSION = YES;
				CLANG_WARN_COMMA = YES;
				CLANG_WARN_CONSTANT_CONVERSION = YES;
				CLANG_WARN_DEPRECATED_OBJC_IMPLEMENTATIONS = YES;
				CLANG_WARN_DIRECT_OBJC_ISA_USAGE = YES_ERROR;
				CLANG_WARN_DOCUMENTATION_COMMENTS = YES;
				CLANG_WARN_EMPTY_BODY = YES;
				CLANG_WARN_ENUM_CONVERSION = YES;
				CLANG_WARN_INFINITE_RECURSION = YES;
				CLANG_WARN_INT_CONVERSION = YES;
				CLANG_WARN_NON_LITERAL_NULL_CONVERSION = YES;
				CLANG_WARN_OBJC_IMPLICIT_RETAIN_SELF = YES;
				CLANG_WARN_OBJC_LITERAL_CONVERSION = YES;
				CLANG_WARN_OBJC_ROOT_CLASS = YES_ERROR;
				CLANG_WARN_RANGE_LOOP_ANALYSIS = YES;
				CLANG_WARN_STRICT_PROTOTYPES = YES;
				CLANG_WARN_SUSPICIOUS_MOVE = YES;
				CLANG_WARN_UNGUARDED_AVAILABILITY = YES_AGGRESSIVE;
				CLANG_WARN_UNREACHABLE_CODE = YES;
				CLANG_WARN__DUPLICATE_METHOD_MATCH = YES;
				COPY_PHASE_STRIP = NO;
				DEBUG_INFORMATION_FORMAT = "dwarf-with-dsym";
				ENABLE_NS_ASSERTIONS = NO;
				ENABLE_STRICT_OBJC_MSGSEND = YES;
				GCC_C_LANGUAGE_STANDARD = gnu11;
				GCC_NO_COMMON_BLOCKS = YES;
				GCC_WARN_64_TO_32_BIT_CONVERSION = YES;
				GCC_WARN_ABOUT_RETURN_TYPE = YES_ERROR;
				GCC_WARN_UNDECLARED_SELECTOR = YES;
				GCC_WARN_UNINITIALIZED_AUTOS = YES_AGGRESSIVE;
				GCC_WARN_UNUSED_FUNCTION = YES;
				GCC_WARN_UNUSED_VARIABLE = YES;
				IPHONEOS_DEPLOYMENT_TARGET = 13.2;
				MTL_ENABLE_DEBUG_INFO = NO;
				MTL_FAST_MATH = YES;
				SDKROOT = iphoneos;
				SWIFT_COMPILATION_MODE = wholemodule;
				SWIFT_OPTIMIZATION_LEVEL = "-O";
				VALIDATE_PRODUCT = YES;
			};
			name = Release;
		};
		C4FE94092438979500F167B9 /* Debug */ = {
			isa = XCBuildConfiguration;
			baseConfigurationReference = 8A901FA43F7F71C4CDE482B6 /* Pods-MawiTestJob.debug.xcconfig */;
			buildSettings = {
				ASSETCATALOG_COMPILER_APPICON_NAME = AppIcon;
				CODE_SIGN_STYLE = Automatic;
				DEVELOPMENT_TEAM = 4PM46468DE;
				INFOPLIST_FILE = "$(SRCROOT)/MawiTestJob/Configuration/Info.plist";
				LD_RUNPATH_SEARCH_PATHS = (
					"$(inherited)",
					"@executable_path/Frameworks",
				);
				MARKETING_VERSION = 0.1;
				PRODUCT_BUNDLE_IDENTIFIER = com.yaroslav.zhurbilo.MawiTestJob;
				PRODUCT_NAME = "$(TARGET_NAME)";
				SWIFT_VERSION = 5.0;
				TARGETED_DEVICE_FAMILY = 1;
			};
			name = Debug;
		};
		C4FE940A2438979500F167B9 /* Release */ = {
			isa = XCBuildConfiguration;
			baseConfigurationReference = 744722A78EEA096D5B767608 /* Pods-MawiTestJob.release.xcconfig */;
			buildSettings = {
				ASSETCATALOG_COMPILER_APPICON_NAME = AppIcon;
				CODE_SIGN_STYLE = Automatic;
				DEVELOPMENT_TEAM = 4PM46468DE;
				INFOPLIST_FILE = "$(SRCROOT)/MawiTestJob/Configuration/Info.plist";
				LD_RUNPATH_SEARCH_PATHS = (
					"$(inherited)",
					"@executable_path/Frameworks",
				);
				MARKETING_VERSION = 0.1;
				PRODUCT_BUNDLE_IDENTIFIER = com.yaroslav.zhurbilo.MawiTestJob;
				PRODUCT_NAME = "$(TARGET_NAME)";
				SWIFT_VERSION = 5.0;
				TARGETED_DEVICE_FAMILY = 1;
			};
			name = Release;
		};
		C4FE940C2438979500F167B9 /* Debug */ = {
			isa = XCBuildConfiguration;
			baseConfigurationReference = 1CB26265C2ADC37D5FA06721 /* Pods-MawiTestJobTests.debug.xcconfig */;
			buildSettings = {
				BUNDLE_LOADER = "$(TEST_HOST)";
				CODE_SIGN_STYLE = Automatic;
				DEVELOPMENT_TEAM = 4PM46468DE;
				INFOPLIST_FILE = MawiTestJobTests/Info.plist;
				IPHONEOS_DEPLOYMENT_TARGET = 13.2;
				LD_RUNPATH_SEARCH_PATHS = (
					"$(inherited)",
					"@executable_path/Frameworks",
					"@loader_path/Frameworks",
				);
				PRODUCT_BUNDLE_IDENTIFIER = com.yaroslav.zhurbilo.MawiTestJobTests;
				PRODUCT_NAME = "$(TARGET_NAME)";
				SWIFT_VERSION = 5.0;
				TARGETED_DEVICE_FAMILY = "1,2";
				TEST_HOST = "$(BUILT_PRODUCTS_DIR)/MawiTestJob.app/MawiTestJob";
			};
			name = Debug;
		};
		C4FE940D2438979500F167B9 /* Release */ = {
			isa = XCBuildConfiguration;
			baseConfigurationReference = 432B289AF63AA452E6073F98 /* Pods-MawiTestJobTests.release.xcconfig */;
			buildSettings = {
				BUNDLE_LOADER = "$(TEST_HOST)";
				CODE_SIGN_STYLE = Automatic;
				DEVELOPMENT_TEAM = 4PM46468DE;
				INFOPLIST_FILE = MawiTestJobTests/Info.plist;
				IPHONEOS_DEPLOYMENT_TARGET = 13.2;
				LD_RUNPATH_SEARCH_PATHS = (
					"$(inherited)",
					"@executable_path/Frameworks",
					"@loader_path/Frameworks",
				);
				PRODUCT_BUNDLE_IDENTIFIER = com.yaroslav.zhurbilo.MawiTestJobTests;
				PRODUCT_NAME = "$(TARGET_NAME)";
				SWIFT_VERSION = 5.0;
				TARGETED_DEVICE_FAMILY = "1,2";
				TEST_HOST = "$(BUILT_PRODUCTS_DIR)/MawiTestJob.app/MawiTestJob";
			};
			name = Release;
		};
/* End XCBuildConfiguration section */

/* Begin XCConfigurationList section */
		C4FE93E42438978E00F167B9 /* Build configuration list for PBXProject "MawiTestJob" */ = {
			isa = XCConfigurationList;
			buildConfigurations = (
				C4FE94062438979500F167B9 /* Debug */,
				C4FE94072438979500F167B9 /* Release */,
			);
			defaultConfigurationIsVisible = 0;
			defaultConfigurationName = Release;
		};
		C4FE94082438979500F167B9 /* Build configuration list for PBXNativeTarget "MawiTestJob" */ = {
			isa = XCConfigurationList;
			buildConfigurations = (
				C4FE94092438979500F167B9 /* Debug */,
				C4FE940A2438979500F167B9 /* Release */,
			);
			defaultConfigurationIsVisible = 0;
			defaultConfigurationName = Release;
		};
		C4FE940B2438979500F167B9 /* Build configuration list for PBXNativeTarget "MawiTestJobTests" */ = {
			isa = XCConfigurationList;
			buildConfigurations = (
				C4FE940C2438979500F167B9 /* Debug */,
				C4FE940D2438979500F167B9 /* Release */,
			);
			defaultConfigurationIsVisible = 0;
			defaultConfigurationName = Release;
		};
/* End XCConfigurationList section */
	};
	rootObject = C4FE93E12438978E00F167B9 /* Project object */;
}
